# This file was autogenerated by Stack.
# You should not edit this file by hand.
# For more information, please see the documentation at:
#   https://docs.haskellstack.org/en/stable/topics/lock_files

packages:
- completed:
    hackage: gi-gst-1.0.30@sha256:b8e2d1ab59e04d76860a1fdb60bc67b67bb0dadcc1eb1479397db93bcc8536b8,12769
    pantry-tree:
      sha256: a13887da1f566aae42899ce2e9d6dd43833e56c4ced7db66ff8821490f0581ce
      size: 358
  original:
    hackage: gi-gst-1.0.30
- completed:
    hackage: gi-gstbase-1.0.29@sha256:8871d1cfd98be666563c5ecc7c38404fb684785801db36933b901ff7b2e7816d,4872
    pantry-tree:
      sha256: 8f1e64d0020380b17e6af0b68b9bde65aa88a91c032d8bd2a0a63e6ab37600fc
      size: 364
  original:
    hackage: gi-gstbase-1.0.29
- completed:
    hackage: gi-gstvideo-1.0.29@sha256:ced0052ed76efaa1b5b09bc774cf3a7a93fe6cca37aaab9fb13c5794093bb443,10447
    pantry-tree:
      sha256: 29327ceac1593bc0761ba6e09400a932b482cc5d5bd5a0d749c792d57444b2a2
      size: 367
  original:
    hackage: gi-gstvideo-1.0.29
- completed:
    hackage: haskell-gi-0.26.17@sha256:0d502b6e74c4e40849a015280bce01df10d9dd313f1163c6bae92433c3f26b11,5213
    pantry-tree:
      sha256: 3afd1d178e0e9bcff6a013e7cb5857b513697954db3ebd6db9cc877c238b5246
      size: 4202
  original:
    hackage: haskell-gi-0.26.17
- completed:
    hackage: haskell-gi-base-0.26.9@sha256:dad5294c37cc21c93c1db411183442d8a001d2687b6b3a34a45474fc72971372,2634
    pantry-tree:
      sha256: 1de49264694c81c7f09670a7fda74d31f7f92c78e25a6f314d704d212c0878e6
      size: 2085
  original:
    hackage: haskell-gi-base-0.26.9
snapshots:
- completed:
    sha256: a81fb3877c4f9031e1325eb3935122e608d80715dc16b586eb11ddbff8671ecd
    size: 640086
    url: https://raw.githubusercontent.com/commercialhaskell/stackage-snapshots/master/lts/21/25.yaml
  original: lts-21.25
